
Microsoft Visual Studio Solution File, Format Version 12.00
# Visual Studio Version 16
VisualStudioVersion = 16.0.33130.400
MinimumVisualStudioVersion = 10.0.40219.1
Project("{FAE04EC0-301F-11D3-BF4B-00C04F79EFBC}") = "DylanRowe-RCR-SnakeGame", "DylanRowe-RCR-SnakeGame.csproj", "{05C3F035-AE28-4797-BBB6-336F9F01EE39}"
EndProject
Global
	GlobalSection(SolutionConfigurationPlatforms) = preSolution
		Debug|Any CPU = Debug|Any CPU
		Release|Any CPU = Release|Any CPU
	EndGlobalSection
	GlobalSection(ProjectConfigurationPlatforms) = postSolution
		{05C3F035-AE28-4797-BBB6-336F9F01EE39}.Debug|Any CPU.ActiveCfg = Debug|Any CPU
		{05C3F035-AE28-4797-BBB6-336F9F01EE39}.Debug|Any CPU.Build.0 = Debug|Any CPU
		{05C3F035-AE28-4797-BBB6-336F9F01EE39}.Release|Any CPU.ActiveCfg = Release|Any CPU
		{05C3F035-AE28-4797-BBB6-336F9F01EE39}.Release|Any CPU.Build.0 = Release|Any CPU
	EndGlobalSection
	GlobalSection(SolutionProperties) = preSolution
		HideSolutionNode = FALSE
	EndGlobalSection
	GlobalSection(ExtensibilityGlobals) = postSolution
		SolutionGuid = {98569C71-F8D9-4A5C-AFB0-4669EA9A5189}
	EndGlobalSection
EndGlobal
